{
  "version": "4",
  "specifiers": {
    "jsr:@luca/esbuild-deno-loader@~0.11.1": "0.11.1",
    "jsr:@oazmi/esbuild-plugin-deno@0.4": "0.4.0",
    "jsr:@oazmi/kitchensink@0.9.12": "0.9.12",
    "jsr:@std/assert@1": "1.0.11",
    "jsr:@std/assert@^1.0.10": "1.0.11",
    "jsr:@std/assert@^1.0.11": "1.0.11",
    "jsr:@std/async@^1.0.9": "1.0.11",
    "jsr:@std/bytes@^1.0.2": "1.0.5",
    "jsr:@std/data-structures@^1.0.6": "1.0.6",
    "jsr:@std/encoding@^1.0.5": "1.0.9",
    "jsr:@std/expect@^1.0.13": "1.0.13",
    "jsr:@std/fs@^1.0.9": "1.0.14",
    "jsr:@std/internal@^1.0.5": "1.0.5",
    "jsr:@std/json@1": "1.0.1",
    "jsr:@std/jsonc@^1.0.1": "1.0.1",
    "jsr:@std/path@^1.0.6": "1.0.8",
    "jsr:@std/path@^1.0.8": "1.0.8",
    "jsr:@std/path@^1.0.9": "1.0.9",
    "jsr:@std/testing@^1.0.9": "1.0.9",
    "npm:@types/node@*": "22.12.0",
    "npm:@types/node@^22.13.10": "22.13.10",
    "npm:@types/react-dom@^19.1.2": "19.1.2_@types+react@19.1.2",
    "npm:@types/react@18": "18.3.20",
    "npm:@types/react@^19.1.2": "19.1.2",
    "npm:esbuild@*": "0.25.1",
    "npm:esbuild@0.25": "0.25.1",
    "npm:esbuild@~0.25.1": "0.25.1",
    "npm:fast-equals@^5.2.2": "5.2.2",
    "npm:iterall@^1.3.0": "1.3.0",
    "npm:mobx@^6.13.6": "6.13.6",
    "npm:react-dom@^19.1.0": "19.1.0_react@19.1.0",
    "npm:react@18": "18.3.1",
    "npm:react@^19.1.0": "19.1.0",
    "npm:typescript@*": "5.8.2",
    "npm:typescript@^5.8.2": "5.8.2"
  },
  "jsr": {
    "@luca/esbuild-deno-loader@0.11.1": {
      "integrity": "dc020d16d75b591f679f6b9288b10f38bdb4f24345edb2f5732affa1d9885267",
      "dependencies": [
        "jsr:@std/bytes",
        "jsr:@std/encoding",
        "jsr:@std/path@^1.0.6"
      ]
    },
    "@oazmi/esbuild-plugin-deno@0.4.0": {
      "integrity": "feca08c4020655d9eaa02ce8910882f3c3f73b64d13e72a365bfb00377d13293",
      "dependencies": [
        "jsr:@oazmi/kitchensink",
        "npm:esbuild@0.25"
      ]
    },
    "@oazmi/kitchensink@0.9.12": {
      "integrity": "0e027e9caafb331841b17d3a43a66bcb056edbbd3a31a738464931ceacdfcc7f"
    },
    "@std/assert@1.0.11": {
      "integrity": "2461ef3c368fe88bc60e186e7744a93112f16fd110022e113a0849e94d1c83c1",
      "dependencies": [
        "jsr:@std/internal"
      ]
    },
    "@std/async@1.0.11": {
      "integrity": "eee0d3405275506638a9c8efaa849cf0d35873120c69b7caa1309c9a9e5b6f85"
    },
    "@std/bytes@1.0.5": {
      "integrity": "4465dd739d7963d964c809202ebea6d5c6b8e3829ef25c6a224290fbb8a1021e"
    },
    "@std/data-structures@1.0.6": {
      "integrity": "76a7fd8080c66604c0496220a791860492ab21a04a63a969c0b9a0609bbbb760"
    },
    "@std/encoding@1.0.9": {
      "integrity": "025b8f18eb1749bc30d1353bf48b77d1eb5e35610220fa226f5a046b9240c5d7"
    },
    "@std/expect@1.0.13": {
      "integrity": "d8e236c7089cd9fcf5e6032f27dadc3db6349d0aee48c15bc71d717bca5baa42",
      "dependencies": [
        "jsr:@std/assert@^1.0.11",
        "jsr:@std/internal"
      ]
    },
    "@std/fs@1.0.14": {
      "integrity": "1e84bf0b95fe08f41f1f4aea9717bbf29f45408a56ce073b0114474ce1c9fccf",
      "dependencies": [
        "jsr:@std/path@^1.0.8"
      ]
    },
    "@std/internal@1.0.5": {
      "integrity": "54a546004f769c1ac9e025abd15a76b6671ddc9687e2313b67376125650dc7ba"
    },
    "@std/json@1.0.1": {
      "integrity": "1f0f70737e8827f9acca086282e903677bc1bb0c8ffcd1f21bca60039563049f"
    },
    "@std/jsonc@1.0.1": {
      "integrity": "6b36956e2a7cbb08ca5ad7fbec72e661e6217c202f348496ea88747636710dda",
      "dependencies": [
        "jsr:@std/json"
      ]
    },
    "@std/path@1.0.8": {
      "integrity": "548fa456bb6a04d3c1a1e7477986b6cffbce95102d0bb447c67c4ee70e0364be"
    },
    "@std/path@1.0.9": {
      "integrity": "260a49f11edd3db93dd38350bf9cd1b4d1366afa98e81b86167b4e3dd750129e"
    },
    "@std/testing@1.0.9": {
      "integrity": "9bdd4ac07cb13e7594ac30e90f6ceef7254ac83a9aeaa089be0008f33aab5cd4",
      "dependencies": [
        "jsr:@std/assert@^1.0.10",
        "jsr:@std/async",
        "jsr:@std/data-structures",
        "jsr:@std/fs",
        "jsr:@std/internal",
        "jsr:@std/path@^1.0.8"
      ]
    }
  },
  "npm": {
    "@esbuild/aix-ppc64@0.25.1": {
      "integrity": "sha512-kfYGy8IdzTGy+z0vFGvExZtxkFlA4zAxgKEahG9KE1ScBjpQnFsNOX8KTU5ojNru5ed5CVoJYXFtoxaq5nFbjQ=="
    },
    "@esbuild/android-arm64@0.25.1": {
      "integrity": "sha512-50tM0zCJW5kGqgG7fQ7IHvQOcAn9TKiVRuQ/lN0xR+T2lzEFvAi1ZcS8DiksFcEpf1t/GYOeOfCAgDHFpkiSmA=="
    },
    "@esbuild/android-arm@0.25.1": {
      "integrity": "sha512-dp+MshLYux6j/JjdqVLnMglQlFu+MuVeNrmT5nk6q07wNhCdSnB7QZj+7G8VMUGh1q+vj2Bq8kRsuyA00I/k+Q=="
    },
    "@esbuild/android-x64@0.25.1": {
      "integrity": "sha512-GCj6WfUtNldqUzYkN/ITtlhwQqGWu9S45vUXs7EIYf+7rCiiqH9bCloatO9VhxsL0Pji+PF4Lz2XXCES+Q8hDw=="
    },
    "@esbuild/darwin-arm64@0.25.1": {
      "integrity": "sha512-5hEZKPf+nQjYoSr/elb62U19/l1mZDdqidGfmFutVUjjUZrOazAtwK+Kr+3y0C/oeJfLlxo9fXb1w7L+P7E4FQ=="
    },
    "@esbuild/darwin-x64@0.25.1": {
      "integrity": "sha512-hxVnwL2Dqs3fM1IWq8Iezh0cX7ZGdVhbTfnOy5uURtao5OIVCEyj9xIzemDi7sRvKsuSdtCAhMKarxqtlyVyfA=="
    },
    "@esbuild/freebsd-arm64@0.25.1": {
      "integrity": "sha512-1MrCZs0fZa2g8E+FUo2ipw6jw5qqQiH+tERoS5fAfKnRx6NXH31tXBKI3VpmLijLH6yriMZsxJtaXUyFt/8Y4A=="
    },
    "@esbuild/freebsd-x64@0.25.1": {
      "integrity": "sha512-0IZWLiTyz7nm0xuIs0q1Y3QWJC52R8aSXxe40VUxm6BB1RNmkODtW6LHvWRrGiICulcX7ZvyH6h5fqdLu4gkww=="
    },
    "@esbuild/linux-arm64@0.25.1": {
      "integrity": "sha512-jaN3dHi0/DDPelk0nLcXRm1q7DNJpjXy7yWaWvbfkPvI+7XNSc/lDOnCLN7gzsyzgu6qSAmgSvP9oXAhP973uQ=="
    },
    "@esbuild/linux-arm@0.25.1": {
      "integrity": "sha512-NdKOhS4u7JhDKw9G3cY6sWqFcnLITn6SqivVArbzIaf3cemShqfLGHYMx8Xlm/lBit3/5d7kXvriTUGa5YViuQ=="
    },
    "@esbuild/linux-ia32@0.25.1": {
      "integrity": "sha512-OJykPaF4v8JidKNGz8c/q1lBO44sQNUQtq1KktJXdBLn1hPod5rE/Hko5ugKKZd+D2+o1a9MFGUEIUwO2YfgkQ=="
    },
    "@esbuild/linux-loong64@0.25.1": {
      "integrity": "sha512-nGfornQj4dzcq5Vp835oM/o21UMlXzn79KobKlcs3Wz9smwiifknLy4xDCLUU0BWp7b/houtdrgUz7nOGnfIYg=="
    },
    "@esbuild/linux-mips64el@0.25.1": {
      "integrity": "sha512-1osBbPEFYwIE5IVB/0g2X6i1qInZa1aIoj1TdL4AaAb55xIIgbg8Doq6a5BzYWgr+tEcDzYH67XVnTmUzL+nXg=="
    },
    "@esbuild/linux-ppc64@0.25.1": {
      "integrity": "sha512-/6VBJOwUf3TdTvJZ82qF3tbLuWsscd7/1w+D9LH0W/SqUgM5/JJD0lrJ1fVIfZsqB6RFmLCe0Xz3fmZc3WtyVg=="
    },
    "@esbuild/linux-riscv64@0.25.1": {
      "integrity": "sha512-nSut/Mx5gnilhcq2yIMLMe3Wl4FK5wx/o0QuuCLMtmJn+WeWYoEGDN1ipcN72g1WHsnIbxGXd4i/MF0gTcuAjQ=="
    },
    "@esbuild/linux-s390x@0.25.1": {
      "integrity": "sha512-cEECeLlJNfT8kZHqLarDBQso9a27o2Zd2AQ8USAEoGtejOrCYHNtKP8XQhMDJMtthdF4GBmjR2au3x1udADQQQ=="
    },
    "@esbuild/linux-x64@0.25.1": {
      "integrity": "sha512-xbfUhu/gnvSEg+EGovRc+kjBAkrvtk38RlerAzQxvMzlB4fXpCFCeUAYzJvrnhFtdeyVCDANSjJvOvGYoeKzFA=="
    },
    "@esbuild/netbsd-arm64@0.25.1": {
      "integrity": "sha512-O96poM2XGhLtpTh+s4+nP7YCCAfb4tJNRVZHfIE7dgmax+yMP2WgMd2OecBuaATHKTHsLWHQeuaxMRnCsH8+5g=="
    },
    "@esbuild/netbsd-x64@0.25.1": {
      "integrity": "sha512-X53z6uXip6KFXBQ+Krbx25XHV/NCbzryM6ehOAeAil7X7oa4XIq+394PWGnwaSQ2WRA0KI6PUO6hTO5zeF5ijA=="
    },
    "@esbuild/openbsd-arm64@0.25.1": {
      "integrity": "sha512-Na9T3szbXezdzM/Kfs3GcRQNjHzM6GzFBeU1/6IV/npKP5ORtp9zbQjvkDJ47s6BCgaAZnnnu/cY1x342+MvZg=="
    },
    "@esbuild/openbsd-x64@0.25.1": {
      "integrity": "sha512-T3H78X2h1tszfRSf+txbt5aOp/e7TAz3ptVKu9Oyir3IAOFPGV6O9c2naym5TOriy1l0nNf6a4X5UXRZSGX/dw=="
    },
    "@esbuild/sunos-x64@0.25.1": {
      "integrity": "sha512-2H3RUvcmULO7dIE5EWJH8eubZAI4xw54H1ilJnRNZdeo8dTADEZ21w6J22XBkXqGJbe0+wnNJtw3UXRoLJnFEg=="
    },
    "@esbuild/win32-arm64@0.25.1": {
      "integrity": "sha512-GE7XvrdOzrb+yVKB9KsRMq+7a2U/K5Cf/8grVFRAGJmfADr/e/ODQ134RK2/eeHqYV5eQRFxb1hY7Nr15fv1NQ=="
    },
    "@esbuild/win32-ia32@0.25.1": {
      "integrity": "sha512-uOxSJCIcavSiT6UnBhBzE8wy3n0hOkJsBOzy7HDAuTDE++1DJMRRVCPGisULScHL+a/ZwdXPpXD3IyFKjA7K8A=="
    },
    "@esbuild/win32-x64@0.25.1": {
      "integrity": "sha512-Y1EQdcfwMSeQN/ujR5VayLOJ1BHaK+ssyk0AEzPjC+t1lITgsnccPqFjb6V+LsTp/9Iov4ysfjxLaGJ9RPtkVg=="
    },
    "@types/node@22.12.0": {
      "integrity": "sha512-Fll2FZ1riMjNmlmJOdAyY5pUbkftXslB5DgEzlIuNaiWhXd00FhWxVC/r4yV/4wBb9JfImTu+jiSvXTkJ7F/gA==",
      "dependencies": [
        "undici-types"
      ]
    },
    "@types/node@22.13.10": {
      "integrity": "sha512-I6LPUvlRH+O6VRUqYOcMudhaIdUVWfsjnZavnsraHvpBwaEyMN29ry+0UVJhImYL16xsscu0aske3yA+uPOWfw==",
      "dependencies": [
        "undici-types"
      ]
    },
    "@types/prop-types@15.7.14": {
      "integrity": "sha512-gNMvNH49DJ7OJYv+KAKn0Xp45p8PLl6zo2YnvDIbTd4J6MER2BmWN49TG7n9LvkyihINxeKW8+3bfS2yDC9dzQ=="
    },
    "@types/react-dom@19.1.2_@types+react@19.1.2": {
      "integrity": "sha512-XGJkWF41Qq305SKWEILa1O8vzhb3aOo3ogBlSmiqNko/WmRb6QIaweuZCXjKygVDXpzXb5wyxKTSOsmkuqj+Qw==",
      "dependencies": [
        "@types/react@19.1.2"
      ]
    },
    "@types/react@18.3.20": {
      "integrity": "sha512-IPaCZN7PShZK/3t6Q87pfTkRm6oLTd4vztyoj+cbHUF1g3FfVb2tFIL79uCRKEfv16AhqDMBywP2VW3KIZUvcg==",
      "dependencies": [
        "@types/prop-types",
        "csstype"
      ]
    },
    "@types/react@19.1.2": {
      "integrity": "sha512-oxLPMytKchWGbnQM9O7D67uPa9paTNxO7jVoNMXgkkErULBPhPARCfkKL9ytcIJJRGjbsVwW4ugJzyFFvm/Tiw==",
      "dependencies": [
        "csstype"
      ]
    },
    "csstype@3.1.3": {
      "integrity": "sha512-M1uQkMl8rQK/szD0LNhtqxIPLpimGm8sOBwU7lLnCpSbTyY3yeU1Vc7l4KT5zT4s/yOxHH5O7tIuuLOCnLADRw=="
    },
    "esbuild@0.25.1": {
      "integrity": "sha512-BGO5LtrGC7vxnqucAe/rmvKdJllfGaYWdyABvyMoXQlfYMb2bbRuReWR5tEGE//4LcNJj9XrkovTqNYRFZHAMQ==",
      "dependencies": [
        "@esbuild/aix-ppc64",
        "@esbuild/android-arm",
        "@esbuild/android-arm64",
        "@esbuild/android-x64",
        "@esbuild/darwin-arm64",
        "@esbuild/darwin-x64",
        "@esbuild/freebsd-arm64",
        "@esbuild/freebsd-x64",
        "@esbuild/linux-arm",
        "@esbuild/linux-arm64",
        "@esbuild/linux-ia32",
        "@esbuild/linux-loong64",
        "@esbuild/linux-mips64el",
        "@esbuild/linux-ppc64",
        "@esbuild/linux-riscv64",
        "@esbuild/linux-s390x",
        "@esbuild/linux-x64",
        "@esbuild/netbsd-arm64",
        "@esbuild/netbsd-x64",
        "@esbuild/openbsd-arm64",
        "@esbuild/openbsd-x64",
        "@esbuild/sunos-x64",
        "@esbuild/win32-arm64",
        "@esbuild/win32-ia32",
        "@esbuild/win32-x64"
      ]
    },
    "fast-equals@5.2.2": {
      "integrity": "sha512-V7/RktU11J3I36Nwq2JnZEM7tNm17eBJz+u25qdxBZeCKiX6BkVSZQjwWIr+IobgnZy+ag73tTZgZi7tr0LrBw=="
    },
    "iterall@1.3.0": {
      "integrity": "sha512-QZ9qOMdF+QLHxy1QIpUHUU1D5pS2CG2P69LF6L6CPjPYA/XMOmKV3PZpawHoAjHNyB0swdVTRxdYT4tbBbxqwg=="
    },
    "js-tokens@4.0.0": {
      "integrity": "sha512-RdJUflcE3cUzKiMqQgsCu06FPu9UdIJO0beYbPhHN4k6apgJtifcoCtT9bcxOpYBtpD2kCM6Sbzg4CausW/PKQ=="
    },
    "loose-envify@1.4.0": {
      "integrity": "sha512-lyuxPGr/Wfhrlem2CL/UcnUc1zcqKAImBDzukY7Y5F/yQiNdko6+fRLevlw1HgMySw7f611UIY408EtxRSoK3Q==",
      "dependencies": [
        "js-tokens"
      ]
    },
    "mobx@6.13.6": {
      "integrity": "sha512-r19KNV0uBN4b+ER8Z0gA4y+MzDYIQ2SvOmn3fUrqPnWXdQfakd9yfbPBDBF/p5I+bd3N5Rk1fHONIvMay+bJGA=="
    },
    "react-dom@19.1.0_react@19.1.0": {
      "integrity": "sha512-Xs1hdnE+DyKgeHJeJznQmYMIBG3TKIHJJT95Q58nHLSrElKlGQqDTR2HQ9fx5CN/Gk6Vh/kupBTDLU11/nDk/g==",
      "dependencies": [
        "react@19.1.0",
        "scheduler"
      ]
    },
    "react@18.3.1": {
      "integrity": "sha512-wS+hAgJShR0KhEvPJArfuPVN1+Hz1t0Y6n5jLrGQbkb4urgPE/0Rve+1kMB1v/oWgHgm4WIcV+i7F2pTVj+2iQ==",
      "dependencies": [
        "loose-envify"
      ]
    },
    "react@19.1.0": {
      "integrity": "sha512-FS+XFBNvn3GTAWq26joslQgWNoFu08F4kl0J4CgdNKADkdSGXQyTCnKteIAJy96Br6YbpEU1LSzV5dYtjMkMDg=="
    },
    "scheduler@0.26.0": {
      "integrity": "sha512-NlHwttCI/l5gCPR3D1nNXtWABUmBwvZpEQiD4IXSbIDq8BzLIK/7Ir5gTFSGZDUu37K5cMNp0hFtzO38sC7gWA=="
    },
    "typescript@5.8.2": {
      "integrity": "sha512-aJn6wq13/afZp/jT9QZmwEjDqqvSGp1VT5GVg+f/t6/oVyrgXM6BY1h9BRh/O5p3PlUPAe+WuiEZOmb/49RqoQ=="
    },
    "undici-types@6.20.0": {
      "integrity": "sha512-Ny6QZ2Nju20vw1SRHe3d9jVu6gJ+4e3+MMpqu7pqE5HT6WsTSlce++GQmK5UXS8mzV8DSYHrQH+Xrf2jVcuKNg=="
    }
  },
  "workspace": {
    "dependencies": [
      "jsr:@std/assert@1",
      "jsr:@std/jsonc@^1.0.1",
      "jsr:@std/path@^1.0.9",
      "npm:@types/node@^22.13.10",
      "npm:esbuild@~0.25.1",
      "npm:fast-equals@^5.2.2",
      "npm:iterall@^1.3.0",
      "npm:mobx@^6.13.6",
      "npm:typescript@^5.8.2"
    ],
    "members": {
      "playground": {
        "dependencies": [
          "jsr:@luca/esbuild-deno-loader@~0.11.1",
          "jsr:@oazmi/esbuild-plugin-deno@0.4",
          "npm:@types/react-dom@^19.1.2",
          "npm:@types/react@^19.1.2",
          "npm:react-dom@^19.1.0",
          "npm:react@^19.1.0"
        ]
      },
      "preact": {
        "dependencies": [
          "npm:@types/react@18",
          "npm:react@18"
        ]
      },
      "react": {
        "dependencies": [
          "npm:@types/react@18",
          "npm:react@18"
        ]
      },
      "testing": {
        "dependencies": [
          "jsr:@std/expect@^1.0.13",
          "jsr:@std/testing@^1.0.9"
        ]
      }
    }
  }
}
